
Microsoft Visual Studio Solution File, Format Version 12.00
# Visual Studio 15
VisualStudioVersion = 15.0.28307.271
MinimumVisualStudioVersion = 10.0.40219.1
Project("{8BC9CEB8-8B4A-11D0-8D11-00A0C91BC942}") = "WebCrawlerV2", "WebCrawlerV2\WebCrawlerV2.vcxproj", "{6FB076FA-50F6-485A-99D6-3B8C70A882A3}"
EndProject
Global
	GlobalSection(SolutionConfigurationPlatforms) = preSolution
		Debug|x64 = Debug|x64
		Debug|x86 = Debug|x86
		Release|x64 = Release|x64
		Release|x86 = Release|x86
	EndGlobalSection
	GlobalSection(ProjectConfigurationPlatforms) = postSolution
		{6FB076FA-50F6-485A-99D6-3B8C70A882A3}.Debug|x64.ActiveCfg = Debug|x64
		{6FB076FA-50F6-485A-99D6-3B8C70A882A3}.Debug|x64.Build.0 = Debug|x64
		{6FB076FA-50F6-485A-99D6-3B8C70A882A3}.Debug|x86.ActiveCfg = Debug|Win32
		{6FB076FA-50F6-485A-99D6-3B8C70A882A3}.Debug|x86.Build.0 = Debug|Win32
		{6FB076FA-50F6-485A-99D6-3B8C70A882A3}.Release|x64.ActiveCfg = Release|x64
		{6FB076FA-50F6-485A-99D6-3B8C70A882A3}.Release|x64.Build.0 = Release|x64
		{6FB076FA-50F6-485A-99D6-3B8C70A882A3}.Release|x86.ActiveCfg = Release|Win32
		{6FB076FA-50F6-485A-99D6-3B8C70A882A3}.Release|x86.Build.0 = Release|Win32
	EndGlobalSection
	GlobalSection(SolutionProperties) = preSolution
		HideSolutionNode = FALSE
	EndGlobalSection
	GlobalSection(ExtensibilityGlobals) = postSolution
		SolutionGuid = {BC060185-AFA5-4CBF-8ACA-F7A55C0D466D}
	EndGlobalSection
EndGlobal
